
Microsoft Visual Studio Solution File, Format Version 12.00
# Visual Studio Version 17
VisualStudioVersion = 17.8.34330.188
MinimumVisualStudioVersion = 10.0.40219.1
Project("{FAE04EC0-301F-11D3-BF4B-00C04F79EFBC}") = "SessiyaOneZininaMatveeva", "SessiyaOneZininaMatveeva\SessiyaOneZininaMatveeva.csproj", "{6747BFF1-26E7-4B31-92D7-D7760A11E025}"
EndProject
Global
	GlobalSection(SolutionConfigurationPlatforms) = preSolution
		Debug|Any CPU = Debug|Any CPU
		Release|Any CPU = Release|Any CPU
	EndGlobalSection
	GlobalSection(ProjectConfigurationPlatforms) = postSolution
		{6747BFF1-26E7-4B31-92D7-D7760A11E025}.Debug|Any CPU.ActiveCfg = Debug|Any CPU
		{6747BFF1-26E7-4B31-92D7-D7760A11E025}.Debug|Any CPU.Build.0 = Debug|Any CPU
		{6747BFF1-26E7-4B31-92D7-D7760A11E025}.Release|Any CPU.ActiveCfg = Release|Any CPU
		{6747BFF1-26E7-4B31-92D7-D7760A11E025}.Release|Any CPU.Build.0 = Release|Any CPU
	EndGlobalSection
	GlobalSection(SolutionProperties) = preSolution
		HideSolutionNode = FALSE
	EndGlobalSection
	GlobalSection(ExtensibilityGlobals) = postSolution
		SolutionGuid = {5CEE546A-8217-4569-B4E5-4A5A29C20C2C}
	EndGlobalSection
EndGlobal
